// !$*UTF8*$!
{
	archiveVersion = 1;
	classes = {
	};
	objectVersion = 50;
	objects = {

/* Begin PBXBuildFile section */
		191000BE25B4DEB8000B7BCD /* AppDelegate.swift in Sources */ = {isa = PBXBuildFile; fileRef = 191000BD25B4DEB8000B7BCD /* AppDelegate.swift */; };
		191000C025B4DEB8000B7BCD /* SceneDelegate.swift in Sources */ = {isa = PBXBuildFile; fileRef = 191000BF25B4DEB8000B7BCD /* SceneDelegate.swift */; };
		191000C425B4DEB8000B7BCD /* Assets.xcassets in Resources */ = {isa = PBXBuildFile; fileRef = 191000C325B4DEB8000B7BCD /* Assets.xcassets */; };
		191000C725B4DEB8000B7BCD /* Preview Assets.xcassets in Resources */ = {isa = PBXBuildFile; fileRef = 191000C625B4DEB8000B7BCD /* Preview Assets.xcassets */; };
		191000CA25B4DEB8000B7BCD /* LaunchScreen.storyboard in Resources */ = {isa = PBXBuildFile; fileRef = 191000C825B4DEB8000B7BCD /* LaunchScreen.storyboard */; };
		191000F425B4E2E3000B7BCD /* Order.swift in Sources */ = {isa = PBXBuildFile; fileRef = 191000F325B4E2E3000B7BCD /* Order.swift */; };
		191000FA25B4E344000B7BCD /* OrderLoader.swift in Sources */ = {isa = PBXBuildFile; fileRef = 191000F925B4E344000B7BCD /* OrderLoader.swift */; };
		1910010325B4E64F000B7BCD /* SystemSimulator.swift in Sources */ = {isa = PBXBuildFile; fileRef = 1910010225B4E64F000B7BCD /* SystemSimulator.swift */; };
		1910017825B725B5000B7BCD /* OrderManagmentSystem.swift in Sources */ = {isa = PBXBuildFile; fileRef = 1910017725B725B5000B7BCD /* OrderManagmentSystem.swift */; };
		1910018025B7288B000B7BCD /* Queue.swift in Sources */ = {isa = PBXBuildFile; fileRef = 1910017F25B7288B000B7BCD /* Queue.swift */; };
		1910018B25B72EAF000B7BCD /* Courier.swift in Sources */ = {isa = PBXBuildFile; fileRef = 1910018A25B72EAF000B7BCD /* Courier.swift */; };
		193A294925C745BE00C6A5B8 /* Array+Utilities.swift in Sources */ = {isa = PBXBuildFile; fileRef = 193A294825C745BE00C6A5B8 /* Array+Utilities.swift */; };
		193A294D25C7499000C6A5B8 /* MatchedCourierOrderPickupContainer.swift in Sources */ = {isa = PBXBuildFile; fileRef = 193A294C25C7499000C6A5B8 /* MatchedCourierOrderPickupContainer.swift */; };
		193A295225C7662F00C6A5B8 /* CourierOrderPickupContainer.swift in Sources */ = {isa = PBXBuildFile; fileRef = 193A295125C7662F00C6A5B8 /* CourierOrderPickupContainer.swift */; };
		193A295D25C7678D00C6A5B8 /* FIFOCourierOrderPickupContainer.swift in Sources */ = {isa = PBXBuildFile; fileRef = 193A295C25C7678D00C6A5B8 /* FIFOCourierOrderPickupContainer.swift */; };
		193A296525C76DC600C6A5B8 /* EmptyCourierOrderPickupContainerMock.swift in Sources */ = {isa = PBXBuildFile; fileRef = 193A296425C76DC600C6A5B8 /* EmptyCourierOrderPickupContainerMock.swift */; };
		193A296925C76F1B00C6A5B8 /* CourierOrderPickupContainerMock.swift in Sources */ = {isa = PBXBuildFile; fileRef = 193A296825C76F1B00C6A5B8 /* CourierOrderPickupContainerMock.swift */; };
		193A296D25C771DA00C6A5B8 /* MatchedCourierOrderContainerTests.swift in Sources */ = {isa = PBXBuildFile; fileRef = 193A296C25C771DA00C6A5B8 /* MatchedCourierOrderContainerTests.swift */; };
		193A297325C7775D00C6A5B8 /* FIFOCourierOrderPickupContainer.swift in Sources */ = {isa = PBXBuildFile; fileRef = 193A297225C7775D00C6A5B8 /* FIFOCourierOrderPickupContainer.swift */; };
		193A297925C7821900C6A5B8 /* OrderManagementSystemTests.swift in Sources */ = {isa = PBXBuildFile; fileRef = 193A297825C7821900C6A5B8 /* OrderManagementSystemTests.swift */; };
		193A298325C784BC00C6A5B8 /* PickupStrategy.swift in Sources */ = {isa = PBXBuildFile; fileRef = 193A298225C784BC00C6A5B8 /* PickupStrategy.swift */; };
		1972324425BD703500B40BA3 /* OrderData.swift in Sources */ = {isa = PBXBuildFile; fileRef = 1972324325BD703500B40BA3 /* OrderData.swift */; };
		1972324925BD703F00B40BA3 /* CourierData.swift in Sources */ = {isa = PBXBuildFile; fileRef = 1972324825BD703F00B40BA3 /* CourierData.swift */; };
		1972325425BD806E00B40BA3 /* CourierDispatcher.swift in Sources */ = {isa = PBXBuildFile; fileRef = 1972325325BD806E00B40BA3 /* CourierDispatcher.swift */; };
		1972325925BD807500B40BA3 /* Kitchen.swift in Sources */ = {isa = PBXBuildFile; fileRef = 1972325825BD807500B40BA3 /* Kitchen.swift */; };
		1972327225BE458400B40BA3 /* Printer.swift in Sources */ = {isa = PBXBuildFile; fileRef = 1972327125BE458400B40BA3 /* Printer.swift */; };
		1972329525BF32DF00B40BA3 /* Event.swift in Sources */ = {isa = PBXBuildFile; fileRef = 1972329425BF32DF00B40BA3 /* Event.swift */; };
		197232C825C07F6700B40BA3 /* OrderPickupManager.swift in Sources */ = {isa = PBXBuildFile; fileRef = 197232C725C07F6700B40BA3 /* OrderPickupManager.swift */; };
		1972331625C1FC5600B40BA3 /* DispatchTime+Utilities.swift in Sources */ = {isa = PBXBuildFile; fileRef = 1972331525C1FC5600B40BA3 /* DispatchTime+Utilities.swift */; };
		197E397125B76DCB00314BDF /* SystemTestViewController.swift in Sources */ = {isa = PBXBuildFile; fileRef = 197E397025B76DCB00314BDF /* SystemTestViewController.swift */; };
		197E397C25B76FD700314BDF /* dispatch_orders.json in Resources */ = {isa = PBXBuildFile; fileRef = 197E397B25B76FD700314BDF /* dispatch_orders.json */; };
		197E398225B85F0B00314BDF /* StatisticsTracker.swift in Sources */ = {isa = PBXBuildFile; fileRef = 197E398125B85F0B00314BDF /* StatisticsTracker.swift */; };
		19CAA35125C36ADA002E5940 /* QueueTests.swift in Sources */ = {isa = PBXBuildFile; fileRef = 19CAA35025C36ADA002E5940 /* QueueTests.swift */; };
		19CAA35625C3731F002E5940 /* OrderLoaderTests.swift in Sources */ = {isa = PBXBuildFile; fileRef = 19CAA35525C3731F002E5940 /* OrderLoaderTests.swift */; };
		19CAA38C25C533CD002E5940 /* empty-file.json in Resources */ = {isa = PBXBuildFile; fileRef = 19CAA38B25C533CD002E5940 /* empty-file.json */; };
		19CAA39D25C538E2002E5940 /* OrderTests.swift in Sources */ = {isa = PBXBuildFile; fileRef = 19CAA39C25C538E2002E5940 /* OrderTests.swift */; };
		19CAA3A325C53F8F002E5940 /* orders.json in Resources */ = {isa = PBXBuildFile; fileRef = 19CAA3A225C53F8F002E5940 /* orders.json */; };
		19CAA3AE25C54101002E5940 /* EventTests.swift in Sources */ = {isa = PBXBuildFile; fileRef = 19CAA3AD25C54101002E5940 /* EventTests.swift */; };
		19CAA3B425C542CD002E5940 /* StatisticsTrackerTests.swift in Sources */ = {isa = PBXBuildFile; fileRef = 19CAA3B325C542CD002E5940 /* StatisticsTrackerTests.swift */; };
		19CAA3C225C5ED67002E5940 /* CourierDispatcherTests.swift in Sources */ = {isa = PBXBuildFile; fileRef = 19CAA3C125C5ED67002E5940 /* CourierDispatcherTests.swift */; };
		19CAA3C825C5F099002E5940 /* KitchenTests.swift in Sources */ = {isa = PBXBuildFile; fileRef = 19CAA3C725C5F099002E5940 /* KitchenTests.swift */; };
		19CAA3CE25C5F78D002E5940 /* OrderPickupManagerTests.swift in Sources */ = {isa = PBXBuildFile; fileRef = 19CAA3CD25C5F78D002E5940 /* OrderPickupManagerTests.swift */; };
		19CAA3DE25C5FBD5002E5940 /* UptimeTracker.swift in Sources */ = {isa = PBXBuildFile; fileRef = 19CAA3DD25C5FBD5002E5940 /* UptimeTracker.swift */; };
		19CAA3E425C60078002E5940 /* UInt64+Utilities.swift in Sources */ = {isa = PBXBuildFile; fileRef = 19CAA3E325C60078002E5940 /* UInt64+Utilities.swift */; };
		19CAA3E925C603BD002E5940 /* UptimeTrackerMock.swift in Sources */ = {isa = PBXBuildFile; fileRef = 19CAA3E825C603BD002E5940 /* UptimeTrackerMock.swift */; };
/* End PBXBuildFile section */

/* Begin PBXContainerItemProxy section */
		191000D125B4DEB8000B7BCD /* PBXContainerItemProxy */ = {
			isa = PBXContainerItemProxy;
			containerPortal = 191000B225B4DEB7000B7BCD /* Project object */;
			proxyType = 1;
			remoteGlobalIDString = 191000B925B4DEB8000B7BCD;
			remoteInfo = OrderManagementSystem;
		};
/* End PBXContainerItemProxy section */

/* Begin PBXFileReference section */
		191000BA25B4DEB8000B7BCD /* OrderManagementSystem.app */ = {isa = PBXFileReference; explicitFileType = wrapper.application; includeInIndex = 0; path = OrderManagementSystem.app; sourceTree = BUILT_PRODUCTS_DIR; };
		191000BD25B4DEB8000B7BCD /* AppDelegate.swift */ = {isa = PBXFileReference; lastKnownFileType = sourcecode.swift; path = AppDelegate.swift; sourceTree = "<group>"; };
		191000BF25B4DEB8000B7BCD /* SceneDelegate.swift */ = {isa = PBXFileReference; lastKnownFileType = sourcecode.swift; path = SceneDelegate.swift; sourceTree = "<group>"; };
		191000C325B4DEB8000B7BCD /* Assets.xcassets */ = {isa = PBXFileReference; lastKnownFileType = folder.assetcatalog; path = Assets.xcassets; sourceTree = "<group>"; };
		191000C625B4DEB8000B7BCD /* Preview Assets.xcassets */ = {isa = PBXFileReference; lastKnownFileType = folder.assetcatalog; path = "Preview Assets.xcassets"; sourceTree = "<group>"; };
		191000C925B4DEB8000B7BCD /* Base */ = {isa = PBXFileReference; lastKnownFileType = file.storyboard; name = Base; path = Base.lproj/LaunchScreen.storyboard; sourceTree = "<group>"; };
		191000CB25B4DEB8000B7BCD /* Info.plist */ = {isa = PBXFileReference; lastKnownFileType = text.plist.xml; path = Info.plist; sourceTree = "<group>"; };
		191000D025B4DEB8000B7BCD /* OrderManagementSystemTests.xctest */ = {isa = PBXFileReference; explicitFileType = wrapper.cfbundle; includeInIndex = 0; path = OrderManagementSystemTests.xctest; sourceTree = BUILT_PRODUCTS_DIR; };
		191000D625B4DEB8000B7BCD /* Info.plist */ = {isa = PBXFileReference; lastKnownFileType = text.plist.xml; path = Info.plist; sourceTree = "<group>"; };
		191000F325B4E2E3000B7BCD /* Order.swift */ = {isa = PBXFileReference; lastKnownFileType = sourcecode.swift; path = Order.swift; sourceTree = "<group>"; };
		191000F925B4E344000B7BCD /* OrderLoader.swift */ = {isa = PBXFileReference; lastKnownFileType = sourcecode.swift; path = OrderLoader.swift; sourceTree = "<group>"; };
		1910010225B4E64F000B7BCD /* SystemSimulator.swift */ = {isa = PBXFileReference; lastKnownFileType = sourcecode.swift; path = SystemSimulator.swift; sourceTree = "<group>"; };
		1910017725B725B5000B7BCD /* OrderManagmentSystem.swift */ = {isa = PBXFileReference; lastKnownFileType = sourcecode.swift; path = OrderManagmentSystem.swift; sourceTree = "<group>"; };
		1910017F25B7288B000B7BCD /* Queue.swift */ = {isa = PBXFileReference; lastKnownFileType = sourcecode.swift; path = Queue.swift; sourceTree = "<group>"; };
		1910018A25B72EAF000B7BCD /* Courier.swift */ = {isa = PBXFileReference; lastKnownFileType = sourcecode.swift; path = Courier.swift; sourceTree = "<group>"; };
		193A294825C745BE00C6A5B8 /* Array+Utilities.swift */ = {isa = PBXFileReference; lastKnownFileType = sourcecode.swift; path = "Array+Utilities.swift"; sourceTree = "<group>"; };
		193A294C25C7499000C6A5B8 /* MatchedCourierOrderPickupContainer.swift */ = {isa = PBXFileReference; lastKnownFileType = sourcecode.swift; path = MatchedCourierOrderPickupContainer.swift; sourceTree = "<group>"; };
		193A295125C7662F00C6A5B8 /* CourierOrderPickupContainer.swift */ = {isa = PBXFileReference; lastKnownFileType = sourcecode.swift; path = CourierOrderPickupContainer.swift; sourceTree = "<group>"; };
		193A295C25C7678D00C6A5B8 /* FIFOCourierOrderPickupContainer.swift */ = {isa = PBXFileReference; lastKnownFileType = sourcecode.swift; path = FIFOCourierOrderPickupContainer.swift; sourceTree = "<group>"; };
		193A296425C76DC600C6A5B8 /* EmptyCourierOrderPickupContainerMock.swift */ = {isa = PBXFileReference; lastKnownFileType = sourcecode.swift; path = EmptyCourierOrderPickupContainerMock.swift; sourceTree = "<group>"; };
		193A296825C76F1B00C6A5B8 /* CourierOrderPickupContainerMock.swift */ = {isa = PBXFileReference; lastKnownFileType = sourcecode.swift; path = CourierOrderPickupContainerMock.swift; sourceTree = "<group>"; };
		193A296C25C771DA00C6A5B8 /* MatchedCourierOrderContainerTests.swift */ = {isa = PBXFileReference; lastKnownFileType = sourcecode.swift; path = MatchedCourierOrderContainerTests.swift; sourceTree = "<group>"; };
		193A297225C7775D00C6A5B8 /* FIFOCourierOrderPickupContainer.swift */ = {isa = PBXFileReference; lastKnownFileType = sourcecode.swift; path = FIFOCourierOrderPickupContainer.swift; sourceTree = "<group>"; };
		193A297825C7821900C6A5B8 /* OrderManagementSystemTests.swift */ = {isa = PBXFileReference; lastKnownFileType = sourcecode.swift; path = OrderManagementSystemTests.swift; sourceTree = "<group>"; };
		193A298225C784BC00C6A5B8 /* PickupStrategy.swift */ = {isa = PBXFileReference; lastKnownFileType = sourcecode.swift; path = PickupStrategy.swift; sourceTree = "<group>"; };
		1972324325BD703500B40BA3 /* OrderData.swift */ = {isa = PBXFileReference; lastKnownFileType = sourcecode.swift; path = OrderData.swift; sourceTree = "<group>"; };
		1972324825BD703F00B40BA3 /* CourierData.swift */ = {isa = PBXFileReference; lastKnownFileType = sourcecode.swift; path = CourierData.swift; sourceTree = "<group>"; };
		1972325325BD806E00B40BA3 /* CourierDispatcher.swift */ = {isa = PBXFileReference; lastKnownFileType = sourcecode.swift; path = CourierDispatcher.swift; sourceTree = "<group>"; };
		1972325825BD807500B40BA3 /* Kitchen.swift */ = {isa = PBXFileReference; lastKnownFileType = sourcecode.swift; path = Kitchen.swift; sourceTree = "<group>"; };
		1972327125BE458400B40BA3 /* Printer.swift */ = {isa = PBXFileReference; lastKnownFileType = sourcecode.swift; path = Printer.swift; sourceTree = "<group>"; };
		1972329425BF32DF00B40BA3 /* Event.swift */ = {isa = PBXFileReference; lastKnownFileType = sourcecode.swift; path = Event.swift; sourceTree = "<group>"; };
		197232C725C07F6700B40BA3 /* OrderPickupManager.swift */ = {isa = PBXFileReference; lastKnownFileType = sourcecode.swift; path = OrderPickupManager.swift; sourceTree = "<group>"; };
		1972331525C1FC5600B40BA3 /* DispatchTime+Utilities.swift */ = {isa = PBXFileReference; lastKnownFileType = sourcecode.swift; path = "DispatchTime+Utilities.swift"; sourceTree = "<group>"; };
		197E397025B76DCB00314BDF /* SystemTestViewController.swift */ = {isa = PBXFileReference; lastKnownFileType = sourcecode.swift; path = SystemTestViewController.swift; sourceTree = "<group>"; };
		197E397B25B76FD700314BDF /* dispatch_orders.json */ = {isa = PBXFileReference; fileEncoding = 4; lastKnownFileType = text.json; path = dispatch_orders.json; sourceTree = "<group>"; };
		197E398125B85F0B00314BDF /* StatisticsTracker.swift */ = {isa = PBXFileReference; lastKnownFileType = sourcecode.swift; path = StatisticsTracker.swift; sourceTree = "<group>"; };
		19CAA35025C36ADA002E5940 /* QueueTests.swift */ = {isa = PBXFileReference; lastKnownFileType = sourcecode.swift; path = QueueTests.swift; sourceTree = "<group>"; };
		19CAA35525C3731F002E5940 /* OrderLoaderTests.swift */ = {isa = PBXFileReference; lastKnownFileType = sourcecode.swift; path = OrderLoaderTests.swift; sourceTree = "<group>"; };
		19CAA38B25C533CD002E5940 /* empty-file.json */ = {isa = PBXFileReference; fileEncoding = 4; lastKnownFileType = text.json; path = "empty-file.json"; sourceTree = "<group>"; };
		19CAA39C25C538E2002E5940 /* OrderTests.swift */ = {isa = PBXFileReference; lastKnownFileType = sourcecode.swift; path = OrderTests.swift; sourceTree = "<group>"; };
		19CAA3A225C53F8F002E5940 /* orders.json */ = {isa = PBXFileReference; lastKnownFileType = text.json; path = orders.json; sourceTree = "<group>"; };
		19CAA3AD25C54101002E5940 /* EventTests.swift */ = {isa = PBXFileReference; lastKnownFileType = sourcecode.swift; path = EventTests.swift; sourceTree = "<group>"; };
		19CAA3B325C542CD002E5940 /* StatisticsTrackerTests.swift */ = {isa = PBXFileReference; lastKnownFileType = sourcecode.swift; path = StatisticsTrackerTests.swift; sourceTree = "<group>"; };
		19CAA3C125C5ED67002E5940 /* CourierDispatcherTests.swift */ = {isa = PBXFileReference; lastKnownFileType = sourcecode.swift; path = CourierDispatcherTests.swift; sourceTree = "<group>"; };
		19CAA3C725C5F099002E5940 /* KitchenTests.swift */ = {isa = PBXFileReference; lastKnownFileType = sourcecode.swift; path = KitchenTests.swift; sourceTree = "<group>"; };
		19CAA3CD25C5F78D002E5940 /* OrderPickupManagerTests.swift */ = {isa = PBXFileReference; lastKnownFileType = sourcecode.swift; path = OrderPickupManagerTests.swift; sourceTree = "<group>"; };
		19CAA3DD25C5FBD5002E5940 /* UptimeTracker.swift */ = {isa = PBXFileReference; lastKnownFileType = sourcecode.swift; path = UptimeTracker.swift; sourceTree = "<group>"; };
		19CAA3E325C60078002E5940 /* UInt64+Utilities.swift */ = {isa = PBXFileReference; lastKnownFileType = sourcecode.swift; path = "UInt64+Utilities.swift"; sourceTree = "<group>"; };
		19CAA3E825C603BD002E5940 /* UptimeTrackerMock.swift */ = {isa = PBXFileReference; lastKnownFileType = sourcecode.swift; path = UptimeTrackerMock.swift; sourceTree = "<group>"; };
/* End PBXFileReference section */

/* Begin PBXFrameworksBuildPhase section */
		191000B725B4DEB8000B7BCD /* Frameworks */ = {
			isa = PBXFrameworksBuildPhase;
			buildActionMask = 2147483647;
			files = (
			);
			runOnlyForDeploymentPostprocessing = 0;
		};
		191000CD25B4DEB8000B7BCD /* Frameworks */ = {
			isa = PBXFrameworksBuildPhase;
			buildActionMask = 2147483647;
			files = (
			);
			runOnlyForDeploymentPostprocessing = 0;
		};
/* End PBXFrameworksBuildPhase section */

/* Begin PBXGroup section */
		191000B125B4DEB7000B7BCD = {
			isa = PBXGroup;
			children = (
				191000BC25B4DEB8000B7BCD /* OrderManagementSystem */,
				191000D325B4DEB8000B7BCD /* OrderManagementSystemTests */,
				191000BB25B4DEB8000B7BCD /* Products */,
			);
			sourceTree = "<group>";
		};
		191000BB25B4DEB8000B7BCD /* Products */ = {
			isa = PBXGroup;
			children = (
				191000BA25B4DEB8000B7BCD /* OrderManagementSystem.app */,
				191000D025B4DEB8000B7BCD /* OrderManagementSystemTests.xctest */,
			);
			name = Products;
			sourceTree = "<group>";
		};
		191000BC25B4DEB8000B7BCD /* OrderManagementSystem */ = {
			isa = PBXGroup;
			children = (
				191000BD25B4DEB8000B7BCD /* AppDelegate.swift */,
				191000BF25B4DEB8000B7BCD /* SceneDelegate.swift */,
				197E397025B76DCB00314BDF /* SystemTestViewController.swift */,
				1910017D25B725C9000B7BCD /* Simulator */,
				1910017C25B725C2000B7BCD /* System */,
				1973E3D325BC7B2600D0ED13 /* Models */,
				1910017E25B7287E000B7BCD /* Helpers */,
				1972331425C1FC4200B40BA3 /* Extensions */,
				191000F825B4E2F8000B7BCD /* Other */,
			);
			path = OrderManagementSystem;
			sourceTree = "<group>";
		};
		191000C525B4DEB8000B7BCD /* Preview Content */ = {
			isa = PBXGroup;
			children = (
				191000C625B4DEB8000B7BCD /* Preview Assets.xcassets */,
			);
			path = "Preview Content";
			sourceTree = "<group>";
		};
		191000D325B4DEB8000B7BCD /* OrderManagementSystemTests */ = {
			isa = PBXGroup;
			children = (
				19CAA3E725C60388002E5940 /* Mocks */,
				19CAA3AC25C540F9002E5940 /* System */,
				19CAA39B25C538D0002E5940 /* Models */,
				19CAA34425C362B2002E5940 /* Helpers */,
				19CAA37D25C52FC6002E5940 /* TestFiles */,
				191000D625B4DEB8000B7BCD /* Info.plist */,
			);
			path = OrderManagementSystemTests;
			sourceTree = "<group>";
		};
		191000F825B4E2F8000B7BCD /* Other */ = {
			isa = PBXGroup;
			children = (
				197E397B25B76FD700314BDF /* dispatch_orders.json */,
				191000C325B4DEB8000B7BCD /* Assets.xcassets */,
				191000C825B4DEB8000B7BCD /* LaunchScreen.storyboard */,
				191000CB25B4DEB8000B7BCD /* Info.plist */,
				191000C525B4DEB8000B7BCD /* Preview Content */,
			);
			path = Other;
			sourceTree = "<group>";
		};
		1910017C25B725C2000B7BCD /* System */ = {
			isa = PBXGroup;
			children = (
				1910017725B725B5000B7BCD /* OrderManagmentSystem.swift */,
				1972325825BD807500B40BA3 /* Kitchen.swift */,
				1972325325BD806E00B40BA3 /* CourierDispatcher.swift */,
				197E398125B85F0B00314BDF /* StatisticsTracker.swift */,
				193A295025C765FE00C6A5B8 /* Pickup */,
			);
			path = System;
			sourceTree = "<group>";
		};
		1910017D25B725C9000B7BCD /* Simulator */ = {
			isa = PBXGroup;
			children = (
				1910010225B4E64F000B7BCD /* SystemSimulator.swift */,
			);
			path = Simulator;
			sourceTree = "<group>";
		};
		1910017E25B7287E000B7BCD /* Helpers */ = {
			isa = PBXGroup;
			children = (
				191000F925B4E344000B7BCD /* OrderLoader.swift */,
				1910017F25B7288B000B7BCD /* Queue.swift */,
				1972327125BE458400B40BA3 /* Printer.swift */,
				19CAA3DD25C5FBD5002E5940 /* UptimeTracker.swift */,
				1972329425BF32DF00B40BA3 /* Event.swift */,
			);
			path = Helpers;
			sourceTree = "<group>";
		};
		193A295025C765FE00C6A5B8 /* Pickup */ = {
			isa = PBXGroup;
			children = (
				197232C725C07F6700B40BA3 /* OrderPickupManager.swift */,
				193A294C25C7499000C6A5B8 /* MatchedCourierOrderPickupContainer.swift */,
				193A295C25C7678D00C6A5B8 /* FIFOCourierOrderPickupContainer.swift */,
				193A295125C7662F00C6A5B8 /* CourierOrderPickupContainer.swift */,
				193A298225C784BC00C6A5B8 /* PickupStrategy.swift */,
			);
			path = Pickup;
			sourceTree = "<group>";
		};
		1972331425C1FC4200B40BA3 /* Extensions */ = {
			isa = PBXGroup;
			children = (
				1972331525C1FC5600B40BA3 /* DispatchTime+Utilities.swift */,
				19CAA3E325C60078002E5940 /* UInt64+Utilities.swift */,
				193A294825C745BE00C6A5B8 /* Array+Utilities.swift */,
			);
			path = Extensions;
			sourceTree = "<group>";
		};
		1973E3D325BC7B2600D0ED13 /* Models */ = {
			isa = PBXGroup;
			children = (
				191000F325B4E2E3000B7BCD /* Order.swift */,
				1910018A25B72EAF000B7BCD /* Courier.swift */,
				1972324325BD703500B40BA3 /* OrderData.swift */,
				1972324825BD703F00B40BA3 /* CourierData.swift */,
			);
			path = Models;
			sourceTree = "<group>";
		};
		19CAA34425C362B2002E5940 /* Helpers */ = {
			isa = PBXGroup;
			children = (
				19CAA35525C3731F002E5940 /* OrderLoaderTests.swift */,
				19CAA35025C36ADA002E5940 /* QueueTests.swift */,
			);
			path = Helpers;
			sourceTree = "<group>";
		};
		19CAA37D25C52FC6002E5940 /* TestFiles */ = {
			isa = PBXGroup;
			children = (
				19CAA38B25C533CD002E5940 /* empty-file.json */,
				19CAA3A225C53F8F002E5940 /* orders.json */,
			);
			path = TestFiles;
			sourceTree = "<group>";
		};
		19CAA39B25C538D0002E5940 /* Models */ = {
			isa = PBXGroup;
			children = (
				19CAA39C25C538E2002E5940 /* OrderTests.swift */,
			);
			path = Models;
			sourceTree = "<group>";
		};
		19CAA3AC25C540F9002E5940 /* System */ = {
			isa = PBXGroup;
			children = (
				193A297825C7821900C6A5B8 /* OrderManagementSystemTests.swift */,
				19CAA3CD25C5F78D002E5940 /* OrderPickupManagerTests.swift */,
				193A296C25C771DA00C6A5B8 /* MatchedCourierOrderContainerTests.swift */,
				193A297225C7775D00C6A5B8 /* FIFOCourierOrderPickupContainer.swift */,
				19CAA3C725C5F099002E5940 /* KitchenTests.swift */,
				19CAA3C125C5ED67002E5940 /* CourierDispatcherTests.swift */,
				19CAA3B325C542CD002E5940 /* StatisticsTrackerTests.swift */,
				19CAA3AD25C54101002E5940 /* EventTests.swift */,
			);
			path = System;
			sourceTree = "<group>";
		};
		19CAA3E725C60388002E5940 /* Mocks */ = {
			isa = PBXGroup;
			children = (
				19CAA3E825C603BD002E5940 /* UptimeTrackerMock.swift */,
				193A296425C76DC600C6A5B8 /* EmptyCourierOrderPickupContainerMock.swift */,
				193A296825C76F1B00C6A5B8 /* CourierOrderPickupContainerMock.swift */,
			);
			path = Mocks;
			sourceTree = "<group>";
		};
/* End PBXGroup section */

/* Begin PBXNativeTarget section */
		191000B925B4DEB8000B7BCD /* OrderManagementSystem */ = {
			isa = PBXNativeTarget;
			buildConfigurationList = 191000E425B4DEB8000B7BCD /* Build configuration list for PBXNativeTarget "OrderManagementSystem" */;
			buildPhases = (
				191000B625B4DEB8000B7BCD /* Sources */,
				191000B725B4DEB8000B7BCD /* Frameworks */,
				191000B825B4DEB8000B7BCD /* Resources */,
			);
			buildRules = (
			);
			dependencies = (
			);
			name = OrderManagementSystem;
			productName = OrderManagementSystem;
			productReference = 191000BA25B4DEB8000B7BCD /* OrderManagementSystem.app */;
			productType = "com.apple.product-type.application";
		};
		191000CF25B4DEB8000B7BCD /* OrderManagementSystemTests */ = {
			isa = PBXNativeTarget;
			buildConfigurationList = 191000E725B4DEB8000B7BCD /* Build configuration list for PBXNativeTarget "OrderManagementSystemTests" */;
			buildPhases = (
				191000CC25B4DEB8000B7BCD /* Sources */,
				191000CD25B4DEB8000B7BCD /* Frameworks */,
				191000CE25B4DEB8000B7BCD /* Resources */,
			);
			buildRules = (
			);
			dependencies = (
				191000D225B4DEB8000B7BCD /* PBXTargetDependency */,
			);
			name = OrderManagementSystemTests;
			productName = OrderManagementSystemTests;
			productReference = 191000D025B4DEB8000B7BCD /* OrderManagementSystemTests.xctest */;
			productType = "com.apple.product-type.bundle.unit-test";
		};
/* End PBXNativeTarget section */

/* Begin PBXProject section */
		191000B225B4DEB7000B7BCD /* Project object */ = {
			isa = PBXProject;
			attributes = {
				LastSwiftUpdateCheck = 1230;
				LastUpgradeCheck = 1230;
				TargetAttributes = {
					191000B925B4DEB8000B7BCD = {
						CreatedOnToolsVersion = 12.3;
					};
					191000CF25B4DEB8000B7BCD = {
						CreatedOnToolsVersion = 12.3;
						TestTargetID = 191000B925B4DEB8000B7BCD;
					};
				};
			};
			buildConfigurationList = 191000B525B4DEB7000B7BCD /* Build configuration list for PBXProject "OrderManagementSystem" */;
			compatibilityVersion = "Xcode 9.3";
			developmentRegion = en;
			hasScannedForEncodings = 0;
			knownRegions = (
				en,
				Base,
			);
			mainGroup = 191000B125B4DEB7000B7BCD;
			productRefGroup = 191000BB25B4DEB8000B7BCD /* Products */;
			projectDirPath = "";
			projectRoot = "";
			targets = (
				191000B925B4DEB8000B7BCD /* OrderManagementSystem */,
				191000CF25B4DEB8000B7BCD /* OrderManagementSystemTests */,
			);
		};
/* End PBXProject section */

/* Begin PBXResourcesBuildPhase section */
		191000B825B4DEB8000B7BCD /* Resources */ = {
			isa = PBXResourcesBuildPhase;
			buildActionMask = 2147483647;
			files = (
				191000CA25B4DEB8000B7BCD /* LaunchScreen.storyboard in Resources */,
				191000C725B4DEB8000B7BCD /* Preview Assets.xcassets in Resources */,
				197E397C25B76FD700314BDF /* dispatch_orders.json in Resources */,
				191000C425B4DEB8000B7BCD /* Assets.xcassets in Resources */,
			);
			runOnlyForDeploymentPostprocessing = 0;
		};
		191000CE25B4DEB8000B7BCD /* Resources */ = {
			isa = PBXResourcesBuildPhase;
			buildActionMask = 2147483647;
			files = (
				19CAA3A325C53F8F002E5940 /* orders.json in Resources */,
				19CAA38C25C533CD002E5940 /* empty-file.json in Resources */,
			);
			runOnlyForDeploymentPostprocessing = 0;
		};
/* End PBXResourcesBuildPhase section */

/* Begin PBXSourcesBuildPhase section */
		191000B625B4DEB8000B7BCD /* Sources */ = {
			isa = PBXSourcesBuildPhase;
			buildActionMask = 2147483647;
			files = (
				197E397125B76DCB00314BDF /* SystemTestViewController.swift in Sources */,
				191000F425B4E2E3000B7BCD /* Order.swift in Sources */,
				193A295D25C7678D00C6A5B8 /* FIFOCourierOrderPickupContainer.swift in Sources */,
				1910018B25B72EAF000B7BCD /* Courier.swift in Sources */,
				1972324925BD703F00B40BA3 /* CourierData.swift in Sources */,
				1972329525BF32DF00B40BA3 /* Event.swift in Sources */,
				197232C825C07F6700B40BA3 /* OrderPickupManager.swift in Sources */,
				1972325425BD806E00B40BA3 /* CourierDispatcher.swift in Sources */,
				193A298325C784BC00C6A5B8 /* PickupStrategy.swift in Sources */,
				1910018025B7288B000B7BCD /* Queue.swift in Sources */,
				1972324425BD703500B40BA3 /* OrderData.swift in Sources */,
				193A294925C745BE00C6A5B8 /* Array+Utilities.swift in Sources */,
				19CAA3E425C60078002E5940 /* UInt64+Utilities.swift in Sources */,
				1972331625C1FC5600B40BA3 /* DispatchTime+Utilities.swift in Sources */,
				1972325925BD807500B40BA3 /* Kitchen.swift in Sources */,
				1910010325B4E64F000B7BCD /* SystemSimulator.swift in Sources */,
				1972327225BE458400B40BA3 /* Printer.swift in Sources */,
				193A295225C7662F00C6A5B8 /* CourierOrderPickupContainer.swift in Sources */,
				193A294D25C7499000C6A5B8 /* MatchedCourierOrderPickupContainer.swift in Sources */,
				191000BE25B4DEB8000B7BCD /* AppDelegate.swift in Sources */,
				191000FA25B4E344000B7BCD /* OrderLoader.swift in Sources */,
				1910017825B725B5000B7BCD /* OrderManagmentSystem.swift in Sources */,
				19CAA3DE25C5FBD5002E5940 /* UptimeTracker.swift in Sources */,
				197E398225B85F0B00314BDF /* StatisticsTracker.swift in Sources */,
				191000C025B4DEB8000B7BCD /* SceneDelegate.swift in Sources */,
			);
			runOnlyForDeploymentPostprocessing = 0;
		};
		191000CC25B4DEB8000B7BCD /* Sources */ = {
			isa = PBXSourcesBuildPhase;
			buildActionMask = 2147483647;
			files = (
				19CAA3C225C5ED67002E5940 /* CourierDispatcherTests.swift in Sources */,
				19CAA3B425C542CD002E5940 /* StatisticsTrackerTests.swift in Sources */,
				19CAA35125C36ADA002E5940 /* QueueTests.swift in Sources */,
				19CAA3E925C603BD002E5940 /* UptimeTrackerMock.swift in Sources */,
				193A297925C7821900C6A5B8 /* OrderManagementSystemTests.swift in Sources */,
				193A296525C76DC600C6A5B8 /* EmptyCourierOrderPickupContainerMock.swift in Sources */,
				19CAA3AE25C54101002E5940 /* EventTests.swift in Sources */,
				193A296925C76F1B00C6A5B8 /* CourierOrderPickupContainerMock.swift in Sources */,
				193A297325C7775D00C6A5B8 /* FIFOCourierOrderPickupContainer.swift in Sources */,
				193A296D25C771DA00C6A5B8 /* MatchedCourierOrderContainerTests.swift in Sources */,
				19CAA39D25C538E2002E5940 /* OrderTests.swift in Sources */,
				19CAA3CE25C5F78D002E5940 /* OrderPickupManagerTests.swift in Sources */,
				19CAA3C825C5F099002E5940 /* KitchenTests.swift in Sources */,
				19CAA35625C3731F002E5940 /* OrderLoaderTests.swift in Sources */,
			);
			runOnlyForDeploymentPostprocessing = 0;
		};
/* End PBXSourcesBuildPhase section */

/* Begin PBXTargetDependency section */
		191000D225B4DEB8000B7BCD /* PBXTargetDependency */ = {
			isa = PBXTargetDependency;
			target = 191000B925B4DEB8000B7BCD /* OrderManagementSystem */;
			targetProxy = 191000D125B4DEB8000B7BCD /* PBXContainerItemProxy */;
		};
/* End PBXTargetDependency section */

/* Begin PBXVariantGroup section */
		191000C825B4DEB8000B7BCD /* LaunchScreen.storyboard */ = {
			isa = PBXVariantGroup;
			children = (
				191000C925B4DEB8000B7BCD /* Base */,
			);
			name = LaunchScreen.storyboard;
			sourceTree = "<group>";
		};
/* End PBXVariantGroup section */

/* Begin XCBuildConfiguration section */
		191000E225B4DEB8000B7BCD /* Debug */ = {
			isa = XCBuildConfiguration;
			buildSettings = {
				ALWAYS_SEARCH_USER_PATHS = NO;
				CLANG_ANALYZER_NONNULL = YES;
				CLANG_ANALYZER_NUMBER_OBJECT_CONVERSION = YES_AGGRESSIVE;
				CLANG_CXX_LANGUAGE_STANDARD = "gnu++14";
				CLANG_CXX_LIBRARY = "libc++";
				CLANG_ENABLE_MODULES = YES;
				CLANG_ENABLE_OBJC_ARC = YES;
				CLANG_ENABLE_OBJC_WEAK = YES;
				CLANG_WARN_BLOCK_CAPTURE_AUTORELEASING = YES;
				CLANG_WARN_BOOL_CONVERSION = YES;
				CLANG_WARN_COMMA = YES;
				CLANG_WARN_CONSTANT_CONVERSION = YES;
				CLANG_WARN_DEPRECATED_OBJC_IMPLEMENTATIONS = YES;
				CLANG_WARN_DIRECT_OBJC_ISA_USAGE = YES_ERROR;
				CLANG_WARN_DOCUMENTATION_COMMENTS = YES;
				CLANG_WARN_EMPTY_BODY = YES;
				CLANG_WARN_ENUM_CONVERSION = YES;
				CLANG_WARN_INFINITE_RECURSION = YES;
				CLANG_WARN_INT_CONVERSION = YES;
				CLANG_WARN_NON_LITERAL_NULL_CONVERSION = YES;
				CLANG_WARN_OBJC_IMPLICIT_RETAIN_SELF = YES;
				CLANG_WARN_OBJC_LITERAL_CONVERSION = YES;
				CLANG_WARN_OBJC_ROOT_CLASS = YES_ERROR;
				CLANG_WARN_QUOTED_INCLUDE_IN_FRAMEWORK_HEADER = YES;
				CLANG_WARN_RANGE_LOOP_ANALYSIS = YES;
				CLANG_WARN_STRICT_PROTOTYPES = YES;
				CLANG_WARN_SUSPICIOUS_MOVE = YES;
				CLANG_WARN_UNGUARDED_AVAILABILITY = YES_AGGRESSIVE;
				CLANG_WARN_UNREACHABLE_CODE = YES;
				CLANG_WARN__DUPLICATE_METHOD_MATCH = YES;
				COPY_PHASE_STRIP = NO;
				DEBUG_INFORMATION_FORMAT = dwarf;
				ENABLE_STRICT_OBJC_MSGSEND = YES;
				ENABLE_TESTABILITY = YES;
				GCC_C_LANGUAGE_STANDARD = gnu11;
				GCC_DYNAMIC_NO_PIC = NO;
				GCC_NO_COMMON_BLOCKS = YES;
				GCC_OPTIMIZATION_LEVEL = 0;
				GCC_PREPROCESSOR_DEFINITIONS = (
					"DEBUG=1",
					"$(inherited)",
				);
				GCC_WARN_64_TO_32_BIT_CONVERSION = YES;
				GCC_WARN_ABOUT_RETURN_TYPE = YES_ERROR;
				GCC_WARN_UNDECLARED_SELECTOR = YES;
				GCC_WARN_UNINITIALIZED_AUTOS = YES_AGGRESSIVE;
				GCC_WARN_UNUSED_FUNCTION = YES;
				GCC_WARN_UNUSED_VARIABLE = YES;
				IPHONEOS_DEPLOYMENT_TARGET = 14.3;
				MTL_ENABLE_DEBUG_INFO = INCLUDE_SOURCE;
				MTL_FAST_MATH = YES;
				ONLY_ACTIVE_ARCH = YES;
				SDKROOT = iphoneos;
				SWIFT_ACTIVE_COMPILATION_CONDITIONS = DEBUG;
				SWIFT_OPTIMIZATION_LEVEL = "-Onone";
			};
			name = Debug;
		};
		191000E325B4DEB8000B7BCD /* Release */ = {
			isa = XCBuildConfiguration;
			buildSettings = {
				ALWAYS_SEARCH_USER_PATHS = NO;
				CLANG_ANALYZER_NONNULL = YES;
				CLANG_ANALYZER_NUMBER_OBJECT_CONVERSION = YES_AGGRESSIVE;
				CLANG_CXX_LANGUAGE_STANDARD = "gnu++14";
				CLANG_CXX_LIBRARY = "libc++";
				CLANG_ENABLE_MODULES = YES;
				CLANG_ENABLE_OBJC_ARC = YES;
				CLANG_ENABLE_OBJC_WEAK = YES;
				CLANG_WARN_BLOCK_CAPTURE_AUTORELEASING = YES;
				CLANG_WARN_BOOL_CONVERSION = YES;
				CLANG_WARN_COMMA = YES;
				CLANG_WARN_CONSTANT_CONVERSION = YES;
				CLANG_WARN_DEPRECATED_OBJC_IMPLEMENTATIONS = YES;
				CLANG_WARN_DIRECT_OBJC_ISA_USAGE = YES_ERROR;
				CLANG_WARN_DOCUMENTATION_COMMENTS = YES;
				CLANG_WARN_EMPTY_BODY = YES;
				CLANG_WARN_ENUM_CONVERSION = YES;
				CLANG_WARN_INFINITE_RECURSION = YES;
				CLANG_WARN_INT_CONVERSION = YES;
				CLANG_WARN_NON_LITERAL_NULL_CONVERSION = YES;
				CLANG_WARN_OBJC_IMPLICIT_RETAIN_SELF = YES;
				CLANG_WARN_OBJC_LITERAL_CONVERSION = YES;
				CLANG_WARN_OBJC_ROOT_CLASS = YES_ERROR;
				CLANG_WARN_QUOTED_INCLUDE_IN_FRAMEWORK_HEADER = YES;
				CLANG_WARN_RANGE_LOOP_ANALYSIS = YES;
				CLANG_WARN_STRICT_PROTOTYPES = YES;
				CLANG_WARN_SUSPICIOUS_MOVE = YES;
				CLANG_WARN_UNGUARDED_AVAILABILITY = YES_AGGRESSIVE;
				CLANG_WARN_UNREACHABLE_CODE = YES;
				CLANG_WARN__DUPLICATE_METHOD_MATCH = YES;
				COPY_PHASE_STRIP = NO;
				DEBUG_INFORMATION_FORMAT = "dwarf-with-dsym";
				ENABLE_NS_ASSERTIONS = NO;
				ENABLE_STRICT_OBJC_MSGSEND = YES;
				GCC_C_LANGUAGE_STANDARD = gnu11;
				GCC_NO_COMMON_BLOCKS = YES;
				GCC_WARN_64_TO_32_BIT_CONVERSION = YES;
				GCC_WARN_ABOUT_RETURN_TYPE = YES_ERROR;
				GCC_WARN_UNDECLARED_SELECTOR = YES;
				GCC_WARN_UNINITIALIZED_AUTOS = YES_AGGRESSIVE;
				GCC_WARN_UNUSED_FUNCTION = YES;
				GCC_WARN_UNUSED_VARIABLE = YES;
				IPHONEOS_DEPLOYMENT_TARGET = 14.3;
				MTL_ENABLE_DEBUG_INFO = NO;
				MTL_FAST_MATH = YES;
				SDKROOT = iphoneos;
				SWIFT_COMPILATION_MODE = wholemodule;
				SWIFT_OPTIMIZATION_LEVEL = "-O";
				VALIDATE_PRODUCT = YES;
			};
			name = Release;
		};
		191000E525B4DEB8000B7BCD /* Debug */ = {
			isa = XCBuildConfiguration;
			buildSettings = {
				ASSETCATALOG_COMPILER_APPICON_NAME = AppIcon;
				ASSETCATALOG_COMPILER_GLOBAL_ACCENT_COLOR_NAME = AccentColor;
				CODE_SIGN_STYLE = Automatic;
				DEVELOPMENT_ASSET_PATHS = "\"OrderManagementSystem/Other/Preview Content\"";
				DEVELOPMENT_TEAM = TSG7U2M54S;
				ENABLE_PREVIEWS = YES;
				INFOPLIST_FILE = OrderManagementSystem/Other/Info.plist;
				LD_RUNPATH_SEARCH_PATHS = (
					"$(inherited)",
					"@executable_path/Frameworks",
				);
				PRODUCT_BUNDLE_IDENTIFIER = com.amerhukic.OrderManagementSystem;
				PRODUCT_NAME = "$(TARGET_NAME)";
				SWIFT_VERSION = 5.0;
				TARGETED_DEVICE_FAMILY = "1,2";
			};
			name = Debug;
		};
		191000E625B4DEB8000B7BCD /* Release */ = {
			isa = XCBuildConfiguration;
			buildSettings = {
				ASSETCATALOG_COMPILER_APPICON_NAME = AppIcon;
				ASSETCATALOG_COMPILER_GLOBAL_ACCENT_COLOR_NAME = AccentColor;
				CODE_SIGN_STYLE = Automatic;
				DEVELOPMENT_ASSET_PATHS = "\"OrderManagementSystem/Other/Preview Content\"";
				DEVELOPMENT_TEAM = TSG7U2M54S;
				ENABLE_PREVIEWS = YES;
				INFOPLIST_FILE = OrderManagementSystem/Other/Info.plist;
				LD_RUNPATH_SEARCH_PATHS = (
					"$(inherited)",
					"@executable_path/Frameworks",
				);
				PRODUCT_BUNDLE_IDENTIFIER = com.amerhukic.OrderManagementSystem;
				PRODUCT_NAME = "$(TARGET_NAME)";
				SWIFT_VERSION = 5.0;
				TARGETED_DEVICE_FAMILY = "1,2";
			};
			name = Release;
		};
		191000E825B4DEB8000B7BCD /* Debug */ = {
			isa = XCBuildConfiguration;
			buildSettings = {
				ALWAYS_EMBED_SWIFT_STANDARD_LIBRARIES = YES;
				BUNDLE_LOADER = "$(TEST_HOST)";
				CODE_SIGN_STYLE = Automatic;
				DEVELOPMENT_TEAM = TSG7U2M54S;
				INFOPLIST_FILE = OrderManagementSystemTests/Info.plist;
				IPHONEOS_DEPLOYMENT_TARGET = 14.3;
				LD_RUNPATH_SEARCH_PATHS = (
					"$(inherited)",
					"@executable_path/Frameworks",
					"@loader_path/Frameworks",
				);
				PRODUCT_BUNDLE_IDENTIFIER = com.amerhukic.OrderManagementSystemTests;
				PRODUCT_NAME = "$(TARGET_NAME)";
				SWIFT_VERSION = 5.0;
				TARGETED_DEVICE_FAMILY = "1,2";
				TEST_HOST = "$(BUILT_PRODUCTS_DIR)/OrderManagementSystem.app/OrderManagementSystem";
			};
			name = Debug;
		};
		191000E925B4DEB8000B7BCD /* Release */ = {
			isa = XCBuildConfiguration;
			buildSettings = {
				ALWAYS_EMBED_SWIFT_STANDARD_LIBRARIES = YES;
				BUNDLE_LOADER = "$(TEST_HOST)";
				CODE_SIGN_STYLE = Automatic;
				DEVELOPMENT_TEAM = TSG7U2M54S;
				INFOPLIST_FILE = OrderManagementSystemTests/Info.plist;
				IPHONEOS_DEPLOYMENT_TARGET = 14.3;
				LD_RUNPATH_SEARCH_PATHS = (
					"$(inherited)",
					"@executable_path/Frameworks",
					"@loader_path/Frameworks",
				);
				PRODUCT_BUNDLE_IDENTIFIER = com.amerhukic.OrderManagementSystemTests;
				PRODUCT_NAME = "$(TARGET_NAME)";
				SWIFT_VERSION = 5.0;
				TARGETED_DEVICE_FAMILY = "1,2";
				TEST_HOST = "$(BUILT_PRODUCTS_DIR)/OrderManagementSystem.app/OrderManagementSystem";
			};
			name = Release;
		};
/* End XCBuildConfiguration section */

/* Begin XCConfigurationList section */
		191000B525B4DEB7000B7BCD /* Build configuration list for PBXProject "OrderManagementSystem" */ = {
			isa = XCConfigurationList;
			buildConfigurations = (
				191000E225B4DEB8000B7BCD /* Debug */,
				191000E325B4DEB8000B7BCD /* Release */,
			);
			defaultConfigurationIsVisible = 0;
			defaultConfigurationName = Release;
		};
		191000E425B4DEB8000B7BCD /* Build configuration list for PBXNativeTarget "OrderManagementSystem" */ = {
			isa = XCConfigurationList;
			buildConfigurations = (
				191000E525B4DEB8000B7BCD /* Debug */,
				191000E625B4DEB8000B7BCD /* Release */,
			);
			defaultConfigurationIsVisible = 0;
			defaultConfigurationName = Release;
		};
		191000E725B4DEB8000B7BCD /* Build configuration list for PBXNativeTarget "OrderManagementSystemTests" */ = {
			isa = XCConfigurationList;
			buildConfigurations = (
				191000E825B4DEB8000B7BCD /* Debug */,
				191000E925B4DEB8000B7BCD /* Release */,
			);
			defaultConfigurationIsVisible = 0;
			defaultConfigurationName = Release;
		};
/* End XCConfigurationList section */
	};
	rootObject = 191000B225B4DEB7000B7BCD /* Project object */;
}
